
Microsoft Visual Studio Solution File, Format Version 12.00
# Visual Studio Version 17
VisualStudioVersion = 17.4.33213.308
MinimumVisualStudioVersion = 10.0.40219.1
Project("{9A19103F-16F7-4668-BE54-9A1E7A4F7556}") = "Week6StringsAndArrays", "Week6StringsAndArrays\Week6StringsAndArrays.csproj", "{0E5DEFB4-02D6-4747-BCB0-70239FC0A876}"
EndProject
Project("{FAE04EC0-301F-11D3-BF4B-00C04F79EFBC}") = "Arrays", "Arrays\Arrays.csproj", "{3658E102-52F2-460A-A6E4-89E7E6507DBF}"
EndProject
Project("{FAE04EC0-301F-11D3-BF4B-00C04F79EFBC}") = "NumberArrays", "NumberArrays\NumberArrays.csproj", "{08458268-9699-431C-B6F4-07E40D397F23}"
EndProject
Project("{FAE04EC0-301F-11D3-BF4B-00C04F79EFBC}") = "RandomElement", "RandomElement\RandomElement.csproj", "{18BA1809-EA77-4A0B-AC2B-8465456AFB3F}"
EndProject
Global
	GlobalSection(SolutionConfigurationPlatforms) = preSolution
		Debug|Any CPU = Debug|Any CPU
		Release|Any CPU = Release|Any CPU
	EndGlobalSection
	GlobalSection(ProjectConfigurationPlatforms) = postSolution
		{0E5DEFB4-02D6-4747-BCB0-70239FC0A876}.Debug|Any CPU.ActiveCfg = Debug|Any CPU
		{0E5DEFB4-02D6-4747-BCB0-70239FC0A876}.Debug|Any CPU.Build.0 = Debug|Any CPU
		{0E5DEFB4-02D6-4747-BCB0-70239FC0A876}.Release|Any CPU.ActiveCfg = Release|Any CPU
		{0E5DEFB4-02D6-4747-BCB0-70239FC0A876}.Release|Any CPU.Build.0 = Release|Any CPU
		{3658E102-52F2-460A-A6E4-89E7E6507DBF}.Debug|Any CPU.ActiveCfg = Debug|Any CPU
		{3658E102-52F2-460A-A6E4-89E7E6507DBF}.Debug|Any CPU.Build.0 = Debug|Any CPU
		{3658E102-52F2-460A-A6E4-89E7E6507DBF}.Release|Any CPU.ActiveCfg = Release|Any CPU
		{3658E102-52F2-460A-A6E4-89E7E6507DBF}.Release|Any CPU.Build.0 = Release|Any CPU
		{08458268-9699-431C-B6F4-07E40D397F23}.Debug|Any CPU.ActiveCfg = Debug|Any CPU
		{08458268-9699-431C-B6F4-07E40D397F23}.Debug|Any CPU.Build.0 = Debug|Any CPU
		{08458268-9699-431C-B6F4-07E40D397F23}.Release|Any CPU.ActiveCfg = Release|Any CPU
		{08458268-9699-431C-B6F4-07E40D397F23}.Release|Any CPU.Build.0 = Release|Any CPU
		{18BA1809-EA77-4A0B-AC2B-8465456AFB3F}.Debug|Any CPU.ActiveCfg = Debug|Any CPU
		{18BA1809-EA77-4A0B-AC2B-8465456AFB3F}.Debug|Any CPU.Build.0 = Debug|Any CPU
		{18BA1809-EA77-4A0B-AC2B-8465456AFB3F}.Release|Any CPU.ActiveCfg = Release|Any CPU
		{18BA1809-EA77-4A0B-AC2B-8465456AFB3F}.Release|Any CPU.Build.0 = Release|Any CPU
	EndGlobalSection
	GlobalSection(SolutionProperties) = preSolution
		HideSolutionNode = FALSE
	EndGlobalSection
	GlobalSection(ExtensibilityGlobals) = postSolution
		SolutionGuid = {1A13E9AA-B541-4B7A-82C7-F8955D73D0FA}
	EndGlobalSection
EndGlobal
